
Microsoft Visual Studio Solution File, Format Version 12.00
# Visual Studio Version 17
VisualStudioVersion = 17.5.002.0
MinimumVisualStudioVersion = 10.0.40219.1
Project("{9A19103F-16F7-4668-BE54-9A1E7A4F7556}") = "asp.netEVC1", "asp.netEVC1\asp.netEVC1.csproj", "{CBD9D89B-3141-4716-9F77-732B08901C7F}"
EndProject
Project("{9A19103F-16F7-4668-BE54-9A1E7A4F7556}") = "CRUD_EF", "CRUD_EF\CRUD_EF.csproj", "{F096E59F-BC0E-49E0-A288-9A37EED3E640}"
EndProject
Project("{9A19103F-16F7-4668-BE54-9A1E7A4F7556}") = "DB.net", "DB.net\DB.net.csproj", "{86C142C7-B33E-4EEB-B924-28DCFCE6F9ED}"
EndProject
Project("{9A19103F-16F7-4668-BE54-9A1E7A4F7556}") = "MVC_EF_SP", "MVC_EF_SP\MVC_EF_SP.csproj", "{B4FAA13D-1409-4134-87E3-9C5CDFD91216}"
EndProject
Project("{9A19103F-16F7-4668-BE54-9A1E7A4F7556}") = "ProyectoHospital", "ProyectoHospital\ProyectoHospital.csproj", "{8470E954-4629-4CF9-B554-8AB82431CEFA}"
EndProject
Project("{9A19103F-16F7-4668-BE54-9A1E7A4F7556}") = "Pruebas.net", "Pruebas.net\Pruebas.net.csproj", "{5169ABA5-EB0A-42AC-94D2-882452CEA4A1}"
EndProject
Project("{9A19103F-16F7-4668-BE54-9A1E7A4F7556}") = "Semana7.NET", "Semana7.NET\Semana7.NET.csproj", "{78C21530-848E-46A9-8F2C-EE42CBBF513B}"
EndProject
Project("{2150E333-8FDC-42A3-9474-1A3956D46DE8}") = "CRUD_MVC_NCAPAS", "CRUD_MVC_NCAPAS", "{B439EC0F-D9D6-4E7F-BF77-193F2396DA5C}"
EndProject
Project("{9A19103F-16F7-4668-BE54-9A1E7A4F7556}") = "BusinessLayer", "CRUD_MVC_NCAPAS\BusinessLayer\BusinessLayer.csproj", "{DAC3DF08-AC7D-4AB2-B93F-5BA3C9C6A7BB}"
EndProject
Project("{9A19103F-16F7-4668-BE54-9A1E7A4F7556}") = "DataAccess", "CRUD_MVC_NCAPAS\DataAccess\DataAccess.csproj", "{307A5F61-DBAD-4550-8DE3-9E493FE503AC}"
EndProject
Project("{9A19103F-16F7-4668-BE54-9A1E7A4F7556}") = "PresentationLayer", "CRUD_MVC_NCAPAS\PresentationLayer\PresentationLayer.csproj", "{38EA1834-E2E0-42E7-8D26-57DBFC1D1BEC}"
EndProject
Project("{2150E333-8FDC-42A3-9474-1A3956D46DE8}") = "EVC2.NET", "EVC2.NET", "{4B078288-C76A-4270-9236-B35D1351C064}"
EndProject
Project("{9A19103F-16F7-4668-BE54-9A1E7A4F7556}") = "BusinessLayer", "EVC2.NET\BusinessLayer\BusinessLayer.csproj", "{E9F84950-7B05-4643-B2B6-96F1E09B4FA8}"
EndProject
Project("{9A19103F-16F7-4668-BE54-9A1E7A4F7556}") = "DataAccess", "EVC2.NET\DataAccess\DataAccess.csproj", "{96AD951A-425E-4992-9548-060B2AB228D7}"
EndProject
Project("{9A19103F-16F7-4668-BE54-9A1E7A4F7556}") = "PresentationLayer", "EVC2.NET\PresentationLayer\PresentationLayer.csproj", "{6D6A651F-2C28-4A2E-B36C-09C83356E33C}"
EndProject
Global
	GlobalSection(SolutionConfigurationPlatforms) = preSolution
		Debug|Any CPU = Debug|Any CPU
		Release|Any CPU = Release|Any CPU
	EndGlobalSection
	GlobalSection(ProjectConfigurationPlatforms) = postSolution
		{CBD9D89B-3141-4716-9F77-732B08901C7F}.Debug|Any CPU.ActiveCfg = Debug|Any CPU
		{CBD9D89B-3141-4716-9F77-732B08901C7F}.Debug|Any CPU.Build.0 = Debug|Any CPU
		{CBD9D89B-3141-4716-9F77-732B08901C7F}.Release|Any CPU.ActiveCfg = Release|Any CPU
		{CBD9D89B-3141-4716-9F77-732B08901C7F}.Release|Any CPU.Build.0 = Release|Any CPU
		{F096E59F-BC0E-49E0-A288-9A37EED3E640}.Debug|Any CPU.ActiveCfg = Debug|Any CPU
		{F096E59F-BC0E-49E0-A288-9A37EED3E640}.Debug|Any CPU.Build.0 = Debug|Any CPU
		{F096E59F-BC0E-49E0-A288-9A37EED3E640}.Release|Any CPU.ActiveCfg = Release|Any CPU
		{F096E59F-BC0E-49E0-A288-9A37EED3E640}.Release|Any CPU.Build.0 = Release|Any CPU
		{86C142C7-B33E-4EEB-B924-28DCFCE6F9ED}.Debug|Any CPU.ActiveCfg = Debug|Any CPU
		{86C142C7-B33E-4EEB-B924-28DCFCE6F9ED}.Debug|Any CPU.Build.0 = Debug|Any CPU
		{86C142C7-B33E-4EEB-B924-28DCFCE6F9ED}.Release|Any CPU.ActiveCfg = Release|Any CPU
		{86C142C7-B33E-4EEB-B924-28DCFCE6F9ED}.Release|Any CPU.Build.0 = Release|Any CPU
		{B4FAA13D-1409-4134-87E3-9C5CDFD91216}.Debug|Any CPU.ActiveCfg = Debug|Any CPU
		{B4FAA13D-1409-4134-87E3-9C5CDFD91216}.Debug|Any CPU.Build.0 = Debug|Any CPU
		{B4FAA13D-1409-4134-87E3-9C5CDFD91216}.Release|Any CPU.ActiveCfg = Release|Any CPU
		{B4FAA13D-1409-4134-87E3-9C5CDFD91216}.Release|Any CPU.Build.0 = Release|Any CPU
		{8470E954-4629-4CF9-B554-8AB82431CEFA}.Debug|Any CPU.ActiveCfg = Debug|Any CPU
		{8470E954-4629-4CF9-B554-8AB82431CEFA}.Debug|Any CPU.Build.0 = Debug|Any CPU
		{8470E954-4629-4CF9-B554-8AB82431CEFA}.Release|Any CPU.ActiveCfg = Release|Any CPU
		{8470E954-4629-4CF9-B554-8AB82431CEFA}.Release|Any CPU.Build.0 = Release|Any CPU
		{5169ABA5-EB0A-42AC-94D2-882452CEA4A1}.Debug|Any CPU.ActiveCfg = Debug|Any CPU
		{5169ABA5-EB0A-42AC-94D2-882452CEA4A1}.Debug|Any CPU.Build.0 = Debug|Any CPU
		{5169ABA5-EB0A-42AC-94D2-882452CEA4A1}.Release|Any CPU.ActiveCfg = Release|Any CPU
		{5169ABA5-EB0A-42AC-94D2-882452CEA4A1}.Release|Any CPU.Build.0 = Release|Any CPU
		{78C21530-848E-46A9-8F2C-EE42CBBF513B}.Debug|Any CPU.ActiveCfg = Debug|Any CPU
		{78C21530-848E-46A9-8F2C-EE42CBBF513B}.Debug|Any CPU.Build.0 = Debug|Any CPU
		{78C21530-848E-46A9-8F2C-EE42CBBF513B}.Release|Any CPU.ActiveCfg = Release|Any CPU
		{78C21530-848E-46A9-8F2C-EE42CBBF513B}.Release|Any CPU.Build.0 = Release|Any CPU
		{DAC3DF08-AC7D-4AB2-B93F-5BA3C9C6A7BB}.Debug|Any CPU.ActiveCfg = Debug|Any CPU
		{DAC3DF08-AC7D-4AB2-B93F-5BA3C9C6A7BB}.Debug|Any CPU.Build.0 = Debug|Any CPU
		{DAC3DF08-AC7D-4AB2-B93F-5BA3C9C6A7BB}.Release|Any CPU.ActiveCfg = Release|Any CPU
		{DAC3DF08-AC7D-4AB2-B93F-5BA3C9C6A7BB}.Release|Any CPU.Build.0 = Release|Any CPU
		{307A5F61-DBAD-4550-8DE3-9E493FE503AC}.Debug|Any CPU.ActiveCfg = Debug|Any CPU
		{307A5F61-DBAD-4550-8DE3-9E493FE503AC}.Debug|Any CPU.Build.0 = Debug|Any CPU
		{307A5F61-DBAD-4550-8DE3-9E493FE503AC}.Release|Any CPU.ActiveCfg = Release|Any CPU
		{307A5F61-DBAD-4550-8DE3-9E493FE503AC}.Release|Any CPU.Build.0 = Release|Any CPU
		{38EA1834-E2E0-42E7-8D26-57DBFC1D1BEC}.Debug|Any CPU.ActiveCfg = Debug|Any CPU
		{38EA1834-E2E0-42E7-8D26-57DBFC1D1BEC}.Debug|Any CPU.Build.0 = Debug|Any CPU
		{38EA1834-E2E0-42E7-8D26-57DBFC1D1BEC}.Release|Any CPU.ActiveCfg = Release|Any CPU
		{38EA1834-E2E0-42E7-8D26-57DBFC1D1BEC}.Release|Any CPU.Build.0 = Release|Any CPU
		{E9F84950-7B05-4643-B2B6-96F1E09B4FA8}.Debug|Any CPU.ActiveCfg = Debug|Any CPU
		{E9F84950-7B05-4643-B2B6-96F1E09B4FA8}.Debug|Any CPU.Build.0 = Debug|Any CPU
		{E9F84950-7B05-4643-B2B6-96F1E09B4FA8}.Release|Any CPU.ActiveCfg = Release|Any CPU
		{E9F84950-7B05-4643-B2B6-96F1E09B4FA8}.Release|Any CPU.Build.0 = Release|Any CPU
		{96AD951A-425E-4992-9548-060B2AB228D7}.Debug|Any CPU.ActiveCfg = Debug|Any CPU
		{96AD951A-425E-4992-9548-060B2AB228D7}.Debug|Any CPU.Build.0 = Debug|Any CPU
		{96AD951A-425E-4992-9548-060B2AB228D7}.Release|Any CPU.ActiveCfg = Release|Any CPU
		{96AD951A-425E-4992-9548-060B2AB228D7}.Release|Any CPU.Build.0 = Release|Any CPU
		{6D6A651F-2C28-4A2E-B36C-09C83356E33C}.Debug|Any CPU.ActiveCfg = Debug|Any CPU
		{6D6A651F-2C28-4A2E-B36C-09C83356E33C}.Debug|Any CPU.Build.0 = Debug|Any CPU
		{6D6A651F-2C28-4A2E-B36C-09C83356E33C}.Release|Any CPU.ActiveCfg = Release|Any CPU
		{6D6A651F-2C28-4A2E-B36C-09C83356E33C}.Release|Any CPU.Build.0 = Release|Any CPU
	EndGlobalSection
	GlobalSection(SolutionProperties) = preSolution
		HideSolutionNode = FALSE
	EndGlobalSection
	GlobalSection(NestedProjects) = preSolution
		{DAC3DF08-AC7D-4AB2-B93F-5BA3C9C6A7BB} = {B439EC0F-D9D6-4E7F-BF77-193F2396DA5C}
		{307A5F61-DBAD-4550-8DE3-9E493FE503AC} = {B439EC0F-D9D6-4E7F-BF77-193F2396DA5C}
		{38EA1834-E2E0-42E7-8D26-57DBFC1D1BEC} = {B439EC0F-D9D6-4E7F-BF77-193F2396DA5C}
		{E9F84950-7B05-4643-B2B6-96F1E09B4FA8} = {4B078288-C76A-4270-9236-B35D1351C064}
		{96AD951A-425E-4992-9548-060B2AB228D7} = {4B078288-C76A-4270-9236-B35D1351C064}
		{6D6A651F-2C28-4A2E-B36C-09C83356E33C} = {4B078288-C76A-4270-9236-B35D1351C064}
	EndGlobalSection
	GlobalSection(ExtensibilityGlobals) = postSolution
		SolutionGuid = {F29B7DD8-54A9-4C84-9C53-0E8C4A0BEEC8}
	EndGlobalSection
EndGlobal
