
Microsoft Visual Studio Solution File, Format Version 12.00
# Visual Studio Version 17
VisualStudioVersion = 17.5.002.0
MinimumVisualStudioVersion = 10.0.40219.1
Project("{9A19103F-16F7-4668-BE54-9A1E7A4F7556}") = "asp.netEVC1", "asp.netEVC1\asp.netEVC1.csproj", "{C4939036-B01E-40E8-8A3D-73A2B028C2AC}"
EndProject
Project("{9A19103F-16F7-4668-BE54-9A1E7A4F7556}") = "CRUD_EF", "CRUD_EF\CRUD_EF.csproj", "{3726CB92-A9AA-41D9-A9B7-CE5681C9B57C}"
EndProject
Project("{9A19103F-16F7-4668-BE54-9A1E7A4F7556}") = "DB.net", "DB.net\DB.net.csproj", "{00FC60EE-F437-4C2A-94A0-39B5C3DA917C}"
EndProject
Project("{9A19103F-16F7-4668-BE54-9A1E7A4F7556}") = "MVC_EF_SP", "MVC_EF_SP\MVC_EF_SP.csproj", "{8359FFAB-BA63-4D2B-BEDC-39D221868B09}"
EndProject
Project("{9A19103F-16F7-4668-BE54-9A1E7A4F7556}") = "ProyectoHospital", "ProyectoHospital\ProyectoHospital.csproj", "{BF1B859D-54DE-41B3-B565-7B260D0C7327}"
EndProject
Project("{9A19103F-16F7-4668-BE54-9A1E7A4F7556}") = "Pruebas.net", "Pruebas.net\Pruebas.net.csproj", "{910551F2-0206-425E-8A49-B270F4768CD0}"
EndProject
Project("{9A19103F-16F7-4668-BE54-9A1E7A4F7556}") = "Semana7.NET", "Semana7.NET\Semana7.NET.csproj", "{C9F08DDB-CBDC-41F8-A7B8-1E7CDFB921AE}"
EndProject
Project("{2150E333-8FDC-42A3-9474-1A3956D46DE8}") = "API-Tienda-Y", "API-Tienda-Y", "{2564D811-27C5-49BE-9D43-62FF1382EABA}"
EndProject
Project("{9A19103F-16F7-4668-BE54-9A1E7A4F7556}") = "BusinessLayer", "API-Tienda-Y\BusinessLayer\BusinessLayer.csproj", "{A37854F5-6CDB-43E8-95D9-AB535A05F9AF}"
EndProject
Project("{9A19103F-16F7-4668-BE54-9A1E7A4F7556}") = "DataAccess", "API-Tienda-Y\DataAccess\DataAccess.csproj", "{B273FDCC-8B9D-4ADC-8B45-619F11237C9E}"
EndProject
Project("{9A19103F-16F7-4668-BE54-9A1E7A4F7556}") = "PresentationLyer", "API-Tienda-Y\PresentationLyer\PresentationLyer.csproj", "{76C4DDC0-BB02-42A0-8E75-0AE427C48927}"
EndProject
Project("{2150E333-8FDC-42A3-9474-1A3956D46DE8}") = "CRUD_MVC_NCAPAS", "CRUD_MVC_NCAPAS", "{FCC7836C-6AAD-459F-A550-ED0E76C53800}"
EndProject
Project("{9A19103F-16F7-4668-BE54-9A1E7A4F7556}") = "BusinessLayer", "CRUD_MVC_NCAPAS\BusinessLayer\BusinessLayer.csproj", "{4A9F5CF6-31BD-45C3-9225-414C2D5E6BC0}"
EndProject
Project("{9A19103F-16F7-4668-BE54-9A1E7A4F7556}") = "DataAccess", "CRUD_MVC_NCAPAS\DataAccess\DataAccess.csproj", "{F082532D-36F0-4461-90E2-C47D222DA467}"
EndProject
Project("{9A19103F-16F7-4668-BE54-9A1E7A4F7556}") = "PresentationLayer", "CRUD_MVC_NCAPAS\PresentationLayer\PresentationLayer.csproj", "{67198EA0-93D1-4AE5-811C-1A02F687130C}"
EndProject
Project("{2150E333-8FDC-42A3-9474-1A3956D46DE8}") = "EVC2.NET", "EVC2.NET", "{9EB73936-D8B4-4D3B-B8C8-277554DCDD5A}"
EndProject
Project("{9A19103F-16F7-4668-BE54-9A1E7A4F7556}") = "BusinessLayer", "EVC2.NET\BusinessLayer\BusinessLayer.csproj", "{DE32D813-4FB7-4AC4-83B7-A1FA4D5E2871}"
EndProject
Project("{9A19103F-16F7-4668-BE54-9A1E7A4F7556}") = "DataAccess", "EVC2.NET\DataAccess\DataAccess.csproj", "{BD10E8FC-1D0A-4946-927E-4DE8B6EF1F04}"
EndProject
Project("{9A19103F-16F7-4668-BE54-9A1E7A4F7556}") = "PresentationLayer", "EVC2.NET\PresentationLayer\PresentationLayer.csproj", "{067AEE22-EE83-4F7B-8571-4303A1FAD128}"
EndProject
Project("{2150E333-8FDC-42A3-9474-1A3956D46DE8}") = "WebApiCrud", "WebApiCrud", "{A7136130-DA53-440D-8DA0-F28EECD12750}"
EndProject
Project("{9A19103F-16F7-4668-BE54-9A1E7A4F7556}") = "BusinessLayer", "WebApiCrud\BusinessLayer\BusinessLayer.csproj", "{9E757C66-B7D4-43C4-9EBB-FF6EB4447D53}"
EndProject
Project("{9A19103F-16F7-4668-BE54-9A1E7A4F7556}") = "DataAccess", "WebApiCrud\DataAccess\DataAccess.csproj", "{99BC38F2-2351-4A66-97AD-FA445FDC1576}"
EndProject
Project("{9A19103F-16F7-4668-BE54-9A1E7A4F7556}") = "PresentationLayerCrudApi", "WebApiCrud\PresentationLayerCrudApi\PresentationLayerCrudApi.csproj", "{1E0A8B77-D76D-4CBB-9562-9420B0072D9F}"
EndProject
Global
	GlobalSection(SolutionConfigurationPlatforms) = preSolution
		Debug|Any CPU = Debug|Any CPU
		Release|Any CPU = Release|Any CPU
	EndGlobalSection
	GlobalSection(ProjectConfigurationPlatforms) = postSolution
		{C4939036-B01E-40E8-8A3D-73A2B028C2AC}.Debug|Any CPU.ActiveCfg = Debug|Any CPU
		{C4939036-B01E-40E8-8A3D-73A2B028C2AC}.Debug|Any CPU.Build.0 = Debug|Any CPU
		{C4939036-B01E-40E8-8A3D-73A2B028C2AC}.Release|Any CPU.ActiveCfg = Release|Any CPU
		{C4939036-B01E-40E8-8A3D-73A2B028C2AC}.Release|Any CPU.Build.0 = Release|Any CPU
		{3726CB92-A9AA-41D9-A9B7-CE5681C9B57C}.Debug|Any CPU.ActiveCfg = Debug|Any CPU
		{3726CB92-A9AA-41D9-A9B7-CE5681C9B57C}.Debug|Any CPU.Build.0 = Debug|Any CPU
		{3726CB92-A9AA-41D9-A9B7-CE5681C9B57C}.Release|Any CPU.ActiveCfg = Release|Any CPU
		{3726CB92-A9AA-41D9-A9B7-CE5681C9B57C}.Release|Any CPU.Build.0 = Release|Any CPU
		{00FC60EE-F437-4C2A-94A0-39B5C3DA917C}.Debug|Any CPU.ActiveCfg = Debug|Any CPU
		{00FC60EE-F437-4C2A-94A0-39B5C3DA917C}.Debug|Any CPU.Build.0 = Debug|Any CPU
		{00FC60EE-F437-4C2A-94A0-39B5C3DA917C}.Release|Any CPU.ActiveCfg = Release|Any CPU
		{00FC60EE-F437-4C2A-94A0-39B5C3DA917C}.Release|Any CPU.Build.0 = Release|Any CPU
		{8359FFAB-BA63-4D2B-BEDC-39D221868B09}.Debug|Any CPU.ActiveCfg = Debug|Any CPU
		{8359FFAB-BA63-4D2B-BEDC-39D221868B09}.Debug|Any CPU.Build.0 = Debug|Any CPU
		{8359FFAB-BA63-4D2B-BEDC-39D221868B09}.Release|Any CPU.ActiveCfg = Release|Any CPU
		{8359FFAB-BA63-4D2B-BEDC-39D221868B09}.Release|Any CPU.Build.0 = Release|Any CPU
		{BF1B859D-54DE-41B3-B565-7B260D0C7327}.Debug|Any CPU.ActiveCfg = Debug|Any CPU
		{BF1B859D-54DE-41B3-B565-7B260D0C7327}.Debug|Any CPU.Build.0 = Debug|Any CPU
		{BF1B859D-54DE-41B3-B565-7B260D0C7327}.Release|Any CPU.ActiveCfg = Release|Any CPU
		{BF1B859D-54DE-41B3-B565-7B260D0C7327}.Release|Any CPU.Build.0 = Release|Any CPU
		{910551F2-0206-425E-8A49-B270F4768CD0}.Debug|Any CPU.ActiveCfg = Debug|Any CPU
		{910551F2-0206-425E-8A49-B270F4768CD0}.Debug|Any CPU.Build.0 = Debug|Any CPU
		{910551F2-0206-425E-8A49-B270F4768CD0}.Release|Any CPU.ActiveCfg = Release|Any CPU
		{910551F2-0206-425E-8A49-B270F4768CD0}.Release|Any CPU.Build.0 = Release|Any CPU
		{C9F08DDB-CBDC-41F8-A7B8-1E7CDFB921AE}.Debug|Any CPU.ActiveCfg = Debug|Any CPU
		{C9F08DDB-CBDC-41F8-A7B8-1E7CDFB921AE}.Debug|Any CPU.Build.0 = Debug|Any CPU
		{C9F08DDB-CBDC-41F8-A7B8-1E7CDFB921AE}.Release|Any CPU.ActiveCfg = Release|Any CPU
		{C9F08DDB-CBDC-41F8-A7B8-1E7CDFB921AE}.Release|Any CPU.Build.0 = Release|Any CPU
		{A37854F5-6CDB-43E8-95D9-AB535A05F9AF}.Debug|Any CPU.ActiveCfg = Debug|Any CPU
		{A37854F5-6CDB-43E8-95D9-AB535A05F9AF}.Debug|Any CPU.Build.0 = Debug|Any CPU
		{A37854F5-6CDB-43E8-95D9-AB535A05F9AF}.Release|Any CPU.ActiveCfg = Release|Any CPU
		{A37854F5-6CDB-43E8-95D9-AB535A05F9AF}.Release|Any CPU.Build.0 = Release|Any CPU
		{B273FDCC-8B9D-4ADC-8B45-619F11237C9E}.Debug|Any CPU.ActiveCfg = Debug|Any CPU
		{B273FDCC-8B9D-4ADC-8B45-619F11237C9E}.Debug|Any CPU.Build.0 = Debug|Any CPU
		{B273FDCC-8B9D-4ADC-8B45-619F11237C9E}.Release|Any CPU.ActiveCfg = Release|Any CPU
		{B273FDCC-8B9D-4ADC-8B45-619F11237C9E}.Release|Any CPU.Build.0 = Release|Any CPU
		{76C4DDC0-BB02-42A0-8E75-0AE427C48927}.Debug|Any CPU.ActiveCfg = Debug|Any CPU
		{76C4DDC0-BB02-42A0-8E75-0AE427C48927}.Debug|Any CPU.Build.0 = Debug|Any CPU
		{76C4DDC0-BB02-42A0-8E75-0AE427C48927}.Release|Any CPU.ActiveCfg = Release|Any CPU
		{76C4DDC0-BB02-42A0-8E75-0AE427C48927}.Release|Any CPU.Build.0 = Release|Any CPU
		{4A9F5CF6-31BD-45C3-9225-414C2D5E6BC0}.Debug|Any CPU.ActiveCfg = Debug|Any CPU
		{4A9F5CF6-31BD-45C3-9225-414C2D5E6BC0}.Debug|Any CPU.Build.0 = Debug|Any CPU
		{4A9F5CF6-31BD-45C3-9225-414C2D5E6BC0}.Release|Any CPU.ActiveCfg = Release|Any CPU
		{4A9F5CF6-31BD-45C3-9225-414C2D5E6BC0}.Release|Any CPU.Build.0 = Release|Any CPU
		{F082532D-36F0-4461-90E2-C47D222DA467}.Debug|Any CPU.ActiveCfg = Debug|Any CPU
		{F082532D-36F0-4461-90E2-C47D222DA467}.Debug|Any CPU.Build.0 = Debug|Any CPU
		{F082532D-36F0-4461-90E2-C47D222DA467}.Release|Any CPU.ActiveCfg = Release|Any CPU
		{F082532D-36F0-4461-90E2-C47D222DA467}.Release|Any CPU.Build.0 = Release|Any CPU
		{67198EA0-93D1-4AE5-811C-1A02F687130C}.Debug|Any CPU.ActiveCfg = Debug|Any CPU
		{67198EA0-93D1-4AE5-811C-1A02F687130C}.Debug|Any CPU.Build.0 = Debug|Any CPU
		{67198EA0-93D1-4AE5-811C-1A02F687130C}.Release|Any CPU.ActiveCfg = Release|Any CPU
		{67198EA0-93D1-4AE5-811C-1A02F687130C}.Release|Any CPU.Build.0 = Release|Any CPU
		{DE32D813-4FB7-4AC4-83B7-A1FA4D5E2871}.Debug|Any CPU.ActiveCfg = Debug|Any CPU
		{DE32D813-4FB7-4AC4-83B7-A1FA4D5E2871}.Debug|Any CPU.Build.0 = Debug|Any CPU
		{DE32D813-4FB7-4AC4-83B7-A1FA4D5E2871}.Release|Any CPU.ActiveCfg = Release|Any CPU
		{DE32D813-4FB7-4AC4-83B7-A1FA4D5E2871}.Release|Any CPU.Build.0 = Release|Any CPU
		{BD10E8FC-1D0A-4946-927E-4DE8B6EF1F04}.Debug|Any CPU.ActiveCfg = Debug|Any CPU
		{BD10E8FC-1D0A-4946-927E-4DE8B6EF1F04}.Debug|Any CPU.Build.0 = Debug|Any CPU
		{BD10E8FC-1D0A-4946-927E-4DE8B6EF1F04}.Release|Any CPU.ActiveCfg = Release|Any CPU
		{BD10E8FC-1D0A-4946-927E-4DE8B6EF1F04}.Release|Any CPU.Build.0 = Release|Any CPU
		{067AEE22-EE83-4F7B-8571-4303A1FAD128}.Debug|Any CPU.ActiveCfg = Debug|Any CPU
		{067AEE22-EE83-4F7B-8571-4303A1FAD128}.Debug|Any CPU.Build.0 = Debug|Any CPU
		{067AEE22-EE83-4F7B-8571-4303A1FAD128}.Release|Any CPU.ActiveCfg = Release|Any CPU
		{067AEE22-EE83-4F7B-8571-4303A1FAD128}.Release|Any CPU.Build.0 = Release|Any CPU
		{9E757C66-B7D4-43C4-9EBB-FF6EB4447D53}.Debug|Any CPU.ActiveCfg = Debug|Any CPU
		{9E757C66-B7D4-43C4-9EBB-FF6EB4447D53}.Debug|Any CPU.Build.0 = Debug|Any CPU
		{9E757C66-B7D4-43C4-9EBB-FF6EB4447D53}.Release|Any CPU.ActiveCfg = Release|Any CPU
		{9E757C66-B7D4-43C4-9EBB-FF6EB4447D53}.Release|Any CPU.Build.0 = Release|Any CPU
		{99BC38F2-2351-4A66-97AD-FA445FDC1576}.Debug|Any CPU.ActiveCfg = Debug|Any CPU
		{99BC38F2-2351-4A66-97AD-FA445FDC1576}.Debug|Any CPU.Build.0 = Debug|Any CPU
		{99BC38F2-2351-4A66-97AD-FA445FDC1576}.Release|Any CPU.ActiveCfg = Release|Any CPU
		{99BC38F2-2351-4A66-97AD-FA445FDC1576}.Release|Any CPU.Build.0 = Release|Any CPU
		{1E0A8B77-D76D-4CBB-9562-9420B0072D9F}.Debug|Any CPU.ActiveCfg = Debug|Any CPU
		{1E0A8B77-D76D-4CBB-9562-9420B0072D9F}.Debug|Any CPU.Build.0 = Debug|Any CPU
		{1E0A8B77-D76D-4CBB-9562-9420B0072D9F}.Release|Any CPU.ActiveCfg = Release|Any CPU
		{1E0A8B77-D76D-4CBB-9562-9420B0072D9F}.Release|Any CPU.Build.0 = Release|Any CPU
	EndGlobalSection
	GlobalSection(SolutionProperties) = preSolution
		HideSolutionNode = FALSE
	EndGlobalSection
	GlobalSection(NestedProjects) = preSolution
		{A37854F5-6CDB-43E8-95D9-AB535A05F9AF} = {2564D811-27C5-49BE-9D43-62FF1382EABA}
		{B273FDCC-8B9D-4ADC-8B45-619F11237C9E} = {2564D811-27C5-49BE-9D43-62FF1382EABA}
		{76C4DDC0-BB02-42A0-8E75-0AE427C48927} = {2564D811-27C5-49BE-9D43-62FF1382EABA}
		{4A9F5CF6-31BD-45C3-9225-414C2D5E6BC0} = {FCC7836C-6AAD-459F-A550-ED0E76C53800}
		{F082532D-36F0-4461-90E2-C47D222DA467} = {FCC7836C-6AAD-459F-A550-ED0E76C53800}
		{67198EA0-93D1-4AE5-811C-1A02F687130C} = {FCC7836C-6AAD-459F-A550-ED0E76C53800}
		{DE32D813-4FB7-4AC4-83B7-A1FA4D5E2871} = {9EB73936-D8B4-4D3B-B8C8-277554DCDD5A}
		{BD10E8FC-1D0A-4946-927E-4DE8B6EF1F04} = {9EB73936-D8B4-4D3B-B8C8-277554DCDD5A}
		{067AEE22-EE83-4F7B-8571-4303A1FAD128} = {9EB73936-D8B4-4D3B-B8C8-277554DCDD5A}
		{9E757C66-B7D4-43C4-9EBB-FF6EB4447D53} = {A7136130-DA53-440D-8DA0-F28EECD12750}
		{99BC38F2-2351-4A66-97AD-FA445FDC1576} = {A7136130-DA53-440D-8DA0-F28EECD12750}
		{1E0A8B77-D76D-4CBB-9562-9420B0072D9F} = {A7136130-DA53-440D-8DA0-F28EECD12750}
	EndGlobalSection
	GlobalSection(ExtensibilityGlobals) = postSolution
		SolutionGuid = {916C8B42-7C26-445F-B651-3F3642564FC9}
	EndGlobalSection
EndGlobal
